// !$*UTF8*$!
{
	archiveVersion = 1;
	classes = {
	};
	objectVersion = 56;
	objects = {

/* Begin PBXBuildFile section */
		70021FE72B8505F2008F64EC /* PostViewController.swift in Sources */ = {isa = PBXBuildFile; fileRef = 70021FE62B8505F2008F64EC /* PostViewController.swift */; };
		70021FEA2B8525FB008F64EC /* Alamofire in Frameworks */ = {isa = PBXBuildFile; productRef = 70021FE92B8525FB008F64EC /* Alamofire */; };
		70021FED2B852616008F64EC /* AlamofireImage in Frameworks */ = {isa = PBXBuildFile; productRef = 70021FEC2B852616008F64EC /* AlamofireImage */; };
		703DC90D2B83E2D4002C2257 /* AppDelegate.swift in Sources */ = {isa = PBXBuildFile; fileRef = 703DC90C2B83E2D4002C2257 /* AppDelegate.swift */; };
		703DC90F2B83E2D4002C2257 /* SceneDelegate.swift in Sources */ = {isa = PBXBuildFile; fileRef = 703DC90E2B83E2D4002C2257 /* SceneDelegate.swift */; };
		703DC9112B83E2D4002C2257 /* ViewController.swift in Sources */ = {isa = PBXBuildFile; fileRef = 703DC9102B83E2D4002C2257 /* ViewController.swift */; };
		703DC9142B83E2D4002C2257 /* Main.storyboard in Resources */ = {isa = PBXBuildFile; fileRef = 703DC9122B83E2D4002C2257 /* Main.storyboard */; };
		703DC9162B83E2D5002C2257 /* Assets.xcassets in Resources */ = {isa = PBXBuildFile; fileRef = 703DC9152B83E2D5002C2257 /* Assets.xcassets */; };
		703DC9192B83E2D5002C2257 /* LaunchScreen.storyboard in Resources */ = {isa = PBXBuildFile; fileRef = 703DC9172B83E2D5002C2257 /* LaunchScreen.storyboard */; };
		703DC9272B83E3FE002C2257 /* DateFormatter+Extensions.swift in Sources */ = {isa = PBXBuildFile; fileRef = 703DC9262B83E3FE002C2257 /* DateFormatter+Extensions.swift */; };
		703DC9292B83E420002C2257 /* PostCell.swift in Sources */ = {isa = PBXBuildFile; fileRef = 703DC9282B83E420002C2257 /* PostCell.swift */; };
		703DC92B2B83E431002C2257 /* FeedViewController.swift in Sources */ = {isa = PBXBuildFile; fileRef = 703DC92A2B83E431002C2257 /* FeedViewController.swift */; };
		703DC92D2B83E43C002C2257 /* LoginViewController.swift in Sources */ = {isa = PBXBuildFile; fileRef = 703DC92C2B83E43C002C2257 /* LoginViewController.swift */; };
		703DC92F2B83E443002C2257 /* SignUpViewController.swift in Sources */ = {isa = PBXBuildFile; fileRef = 703DC92E2B83E443002C2257 /* SignUpViewController.swift */; };
		703DC9312B83E450002C2257 /* Post.swift in Sources */ = {isa = PBXBuildFile; fileRef = 703DC9302B83E450002C2257 /* Post.swift */; };
		703DC9332B83E45D002C2257 /* User.swift in Sources */ = {isa = PBXBuildFile; fileRef = 703DC9322B83E45D002C2257 /* User.swift */; };
		703DC9362B83E566002C2257 /* ParseSwift in Frameworks */ = {isa = PBXBuildFile; productRef = 703DC9352B83E566002C2257 /* ParseSwift */; };
		703DC9392B83E5FF002C2257 /* ParseSwift in Frameworks */ = {isa = PBXBuildFile; productRef = 703DC9382B83E5FF002C2257 /* ParseSwift */; };
/* End PBXBuildFile section */

/* Begin PBXFileReference section */
		70021FE62B8505F2008F64EC /* PostViewController.swift */ = {isa = PBXFileReference; lastKnownFileType = sourcecode.swift; path = PostViewController.swift; sourceTree = "<group>"; };
		703DC9092B83E2D4002C2257 /* BeRealApp.app */ = {isa = PBXFileReference; explicitFileType = wrapper.application; includeInIndex = 0; path = BeRealApp.app; sourceTree = BUILT_PRODUCTS_DIR; };
		703DC90C2B83E2D4002C2257 /* AppDelegate.swift */ = {isa = PBXFileReference; lastKnownFileType = sourcecode.swift; path = AppDelegate.swift; sourceTree = "<group>"; };
		703DC90E2B83E2D4002C2257 /* SceneDelegate.swift */ = {isa = PBXFileReference; lastKnownFileType = sourcecode.swift; path = SceneDelegate.swift; sourceTree = "<group>"; };
		703DC9102B83E2D4002C2257 /* ViewController.swift */ = {isa = PBXFileReference; lastKnownFileType = sourcecode.swift; path = ViewController.swift; sourceTree = "<group>"; };
		703DC9132B83E2D4002C2257 /* Base */ = {isa = PBXFileReference; lastKnownFileType = file.storyboard; name = Base; path = Base.lproj/Main.storyboard; sourceTree = "<group>"; };
		703DC9152B83E2D5002C2257 /* Assets.xcassets */ = {isa = PBXFileReference; lastKnownFileType = folder.assetcatalog; path = Assets.xcassets; sourceTree = "<group>"; };
		703DC9182B83E2D5002C2257 /* Base */ = {isa = PBXFileReference; lastKnownFileType = file.storyboard; name = Base; path = Base.lproj/LaunchScreen.storyboard; sourceTree = "<group>"; };
		703DC91A2B83E2D5002C2257 /* Info.plist */ = {isa = PBXFileReference; lastKnownFileType = text.plist.xml; path = Info.plist; sourceTree = "<group>"; };
		703DC9262B83E3FE002C2257 /* DateFormatter+Extensions.swift */ = {isa = PBXFileReference; lastKnownFileType = sourcecode.swift; path = "DateFormatter+Extensions.swift"; sourceTree = "<group>"; };
		703DC9282B83E420002C2257 /* PostCell.swift */ = {isa = PBXFileReference; lastKnownFileType = sourcecode.swift; path = PostCell.swift; sourceTree = "<group>"; };
		703DC92A2B83E431002C2257 /* FeedViewController.swift */ = {isa = PBXFileReference; lastKnownFileType = sourcecode.swift; path = FeedViewController.swift; sourceTree = "<group>"; };
		703DC92C2B83E43C002C2257 /* LoginViewController.swift */ = {isa = PBXFileReference; lastKnownFileType = sourcecode.swift; path = LoginViewController.swift; sourceTree = "<group>"; };
		703DC92E2B83E443002C2257 /* SignUpViewController.swift */ = {isa = PBXFileReference; lastKnownFileType = sourcecode.swift; path = SignUpViewController.swift; sourceTree = "<group>"; };
		703DC9302B83E450002C2257 /* Post.swift */ = {isa = PBXFileReference; lastKnownFileType = sourcecode.swift; path = Post.swift; sourceTree = "<group>"; };
		703DC9322B83E45D002C2257 /* User.swift */ = {isa = PBXFileReference; lastKnownFileType = sourcecode.swift; path = User.swift; sourceTree = "<group>"; };
/* End PBXFileReference section */

/* Begin PBXFrameworksBuildPhase section */
		703DC9062B83E2D4002C2257 /* Frameworks */ = {
			isa = PBXFrameworksBuildPhase;
			buildActionMask = 2147483647;
			files = (
				70021FEA2B8525FB008F64EC /* Alamofire in Frameworks */,
				70021FED2B852616008F64EC /* AlamofireImage in Frameworks */,
				703DC9392B83E5FF002C2257 /* ParseSwift in Frameworks */,
				703DC9362B83E566002C2257 /* ParseSwift in Frameworks */,
			);
			runOnlyForDeploymentPostprocessing = 0;
		};
/* End PBXFrameworksBuildPhase section */

/* Begin PBXGroup section */
		703DC9002B83E2D4002C2257 = {
			isa = PBXGroup;
			children = (
				703DC90B2B83E2D4002C2257 /* BeRealApp */,
				703DC90A2B83E2D4002C2257 /* Products */,
			);
			sourceTree = "<group>";
		};
		703DC90A2B83E2D4002C2257 /* Products */ = {
			isa = PBXGroup;
			children = (
				703DC9092B83E2D4002C2257 /* BeRealApp.app */,
			);
			name = Products;
			sourceTree = "<group>";
		};
		703DC90B2B83E2D4002C2257 /* BeRealApp */ = {
			isa = PBXGroup;
			children = (
				703DC9252B83E3D2002C2257 /* Extensions */,
				703DC9242B83E3CB002C2257 /* Fonts */,
				703DC9232B83E3C6002C2257 /* Feed */,
				703DC9222B83E3B2002C2257 /* Login */,
				703DC9212B83E3AC002C2257 /* Models */,
				703DC9202B83E39B002C2257 /* Post */,
				703DC90C2B83E2D4002C2257 /* AppDelegate.swift */,
				703DC90E2B83E2D4002C2257 /* SceneDelegate.swift */,
				703DC9102B83E2D4002C2257 /* ViewController.swift */,
				703DC9122B83E2D4002C2257 /* Main.storyboard */,
				703DC9152B83E2D5002C2257 /* Assets.xcassets */,
				703DC9172B83E2D5002C2257 /* LaunchScreen.storyboard */,
				703DC91A2B83E2D5002C2257 /* Info.plist */,
			);
			path = BeRealApp;
			sourceTree = "<group>";
		};
		703DC9202B83E39B002C2257 /* Post */ = {
			isa = PBXGroup;
			children = (
				70021FE62B8505F2008F64EC /* PostViewController.swift */,
			);
			path = Post;
			sourceTree = "<group>";
		};
		703DC9212B83E3AC002C2257 /* Models */ = {
			isa = PBXGroup;
			children = (
				703DC9302B83E450002C2257 /* Post.swift */,
				703DC9322B83E45D002C2257 /* User.swift */,
			);
			path = Models;
			sourceTree = "<group>";
		};
		703DC9222B83E3B2002C2257 /* Login */ = {
			isa = PBXGroup;
			children = (
				703DC92C2B83E43C002C2257 /* LoginViewController.swift */,
				703DC92E2B83E443002C2257 /* SignUpViewController.swift */,
			);
			path = Login;
			sourceTree = "<group>";
		};
		703DC9232B83E3C6002C2257 /* Feed */ = {
			isa = PBXGroup;
			children = (
				703DC9282B83E420002C2257 /* PostCell.swift */,
				703DC92A2B83E431002C2257 /* FeedViewController.swift */,
			);
			path = Feed;
			sourceTree = "<group>";
		};
		703DC9242B83E3CB002C2257 /* Fonts */ = {
			isa = PBXGroup;
			children = (
			);
			path = Fonts;
			sourceTree = "<group>";
		};
		703DC9252B83E3D2002C2257 /* Extensions */ = {
			isa = PBXGroup;
			children = (
				703DC9262B83E3FE002C2257 /* DateFormatter+Extensions.swift */,
			);
			path = Extensions;
			sourceTree = "<group>";
		};
/* End PBXGroup section */

/* Begin PBXNativeTarget section */
		703DC9082B83E2D4002C2257 /* BeRealApp */ = {
			isa = PBXNativeTarget;
			buildConfigurationList = 703DC91D2B83E2D5002C2257 /* Build configuration list for PBXNativeTarget "BeRealApp" */;
			buildPhases = (
				703DC9052B83E2D4002C2257 /* Sources */,
				703DC9062B83E2D4002C2257 /* Frameworks */,
				703DC9072B83E2D4002C2257 /* Resources */,
			);
			buildRules = (
			);
			dependencies = (
			);
			name = BeRealApp;
			packageProductDependencies = (
				703DC9352B83E566002C2257 /* ParseSwift */,
				703DC9382B83E5FF002C2257 /* ParseSwift */,
				70021FE92B8525FB008F64EC /* Alamofire */,
				70021FEC2B852616008F64EC /* AlamofireImage */,
			);
			productName = BeRealApp;
			productReference = 703DC9092B83E2D4002C2257 /* BeRealApp.app */;
			productType = "com.apple.product-type.application";
		};
/* End PBXNativeTarget section */

/* Begin PBXProject section */
		703DC9012B83E2D4002C2257 /* Project object */ = {
			isa = PBXProject;
			attributes = {
				BuildIndependentTargetsInParallel = 1;
				LastSwiftUpdateCheck = 1520;
				LastUpgradeCheck = 1520;
				TargetAttributes = {
					703DC9082B83E2D4002C2257 = {
						CreatedOnToolsVersion = 15.2;
					};
				};
			};
			buildConfigurationList = 703DC9042B83E2D4002C2257 /* Build configuration list for PBXProject "BeRealApp" */;
			compatibilityVersion = "Xcode 14.0";
			developmentRegion = en;
			hasScannedForEncodings = 0;
			knownRegions = (
				en,
				Base,
			);
			mainGroup = 703DC9002B83E2D4002C2257;
			packageReferences = (
				703DC9372B83E5FF002C2257 /* XCRemoteSwiftPackageReference "Parse-Swift" */,
				70021FE82B8525FB008F64EC /* XCRemoteSwiftPackageReference "Alamofire" */,
				70021FEB2B852616008F64EC /* XCRemoteSwiftPackageReference "AlamofireImage" */,
			);
			productRefGroup = 703DC90A2B83E2D4002C2257 /* Products */;
			projectDirPath = "";
			projectRoot = "";
			targets = (
				703DC9082B83E2D4002C2257 /* BeRealApp */,
			);
		};
/* End PBXProject section */

/* Begin PBXResourcesBuildPhase section */
		703DC9072B83E2D4002C2257 /* Resources */ = {
			isa = PBXResourcesBuildPhase;
			buildActionMask = 2147483647;
			files = (
				703DC9192B83E2D5002C2257 /* LaunchScreen.storyboard in Resources */,
				703DC9162B83E2D5002C2257 /* Assets.xcassets in Resources */,
				703DC9142B83E2D4002C2257 /* Main.storyboard in Resources */,
			);
			runOnlyForDeploymentPostprocessing = 0;
		};
/* End PBXResourcesBuildPhase section */

/* Begin PBXSourcesBuildPhase section */
		703DC9052B83E2D4002C2257 /* Sources */ = {
			isa = PBXSourcesBuildPhase;
			buildActionMask = 2147483647;
			files = (
				703DC92D2B83E43C002C2257 /* LoginViewController.swift in Sources */,
				703DC9112B83E2D4002C2257 /* ViewController.swift in Sources */,
				703DC92F2B83E443002C2257 /* SignUpViewController.swift in Sources */,
				703DC90D2B83E2D4002C2257 /* AppDelegate.swift in Sources */,
				703DC9272B83E3FE002C2257 /* DateFormatter+Extensions.swift in Sources */,
				703DC90F2B83E2D4002C2257 /* SceneDelegate.swift in Sources */,
				703DC9312B83E450002C2257 /* Post.swift in Sources */,
				703DC92B2B83E431002C2257 /* FeedViewController.swift in Sources */,
				703DC9332B83E45D002C2257 /* User.swift in Sources */,
				703DC9292B83E420002C2257 /* PostCell.swift in Sources */,
				70021FE72B8505F2008F64EC /* PostViewController.swift in Sources */,
			);
			runOnlyForDeploymentPostprocessing = 0;
		};
/* End PBXSourcesBuildPhase section */

/* Begin PBXVariantGroup section */
		703DC9122B83E2D4002C2257 /* Main.storyboard */ = {
			isa = PBXVariantGroup;
			children = (
				703DC9132B83E2D4002C2257 /* Base */,
			);
			name = Main.storyboard;
			sourceTree = "<group>";
		};
		703DC9172B83E2D5002C2257 /* LaunchScreen.storyboard */ = {
			isa = PBXVariantGroup;
			children = (
				703DC9182B83E2D5002C2257 /* Base */,
			);
			name = LaunchScreen.storyboard;
			sourceTree = "<group>";
		};
/* End PBXVariantGroup section */

/* Begin XCBuildConfiguration section */
		703DC91B2B83E2D5002C2257 /* Debug */ = {
			isa = XCBuildConfiguration;
			buildSettings = {
				ALWAYS_SEARCH_USER_PATHS = NO;
				ASSETCATALOG_COMPILER_GENERATE_SWIFT_ASSET_SYMBOL_EXTENSIONS = YES;
				CLANG_ANALYZER_NONNULL = YES;
				CLANG_ANALYZER_NUMBER_OBJECT_CONVERSION = YES_AGGRESSIVE;
				CLANG_CXX_LANGUAGE_STANDARD = "gnu++20";
				CLANG_ENABLE_MODULES = YES;
				CLANG_ENABLE_OBJC_ARC = YES;
				CLANG_ENABLE_OBJC_WEAK = YES;
				CLANG_WARN_BLOCK_CAPTURE_AUTORELEASING = YES;
				CLANG_WARN_BOOL_CONVERSION = YES;
				CLANG_WARN_COMMA = YES;
				CLANG_WARN_CONSTANT_CONVERSION = YES;
				CLANG_WARN_DEPRECATED_OBJC_IMPLEMENTATIONS = YES;
				CLANG_WARN_DIRECT_OBJC_ISA_USAGE = YES_ERROR;
				CLANG_WARN_DOCUMENTATION_COMMENTS = YES;
				CLANG_WARN_EMPTY_BODY = YES;
				CLANG_WARN_ENUM_CONVERSION = YES;
				CLANG_WARN_INFINITE_RECURSION = YES;
				CLANG_WARN_INT_CONVERSION = YES;
				CLANG_WARN_NON_LITERAL_NULL_CONVERSION = YES;
				CLANG_WARN_OBJC_IMPLICIT_RETAIN_SELF = YES;
				CLANG_WARN_OBJC_LITERAL_CONVERSION = YES;
				CLANG_WARN_OBJC_ROOT_CLASS = YES_ERROR;
				CLANG_WARN_QUOTED_INCLUDE_IN_FRAMEWORK_HEADER = YES;
				CLANG_WARN_RANGE_LOOP_ANALYSIS = YES;
				CLANG_WARN_STRICT_PROTOTYPES = YES;
				CLANG_WARN_SUSPICIOUS_MOVE = YES;
				CLANG_WARN_UNGUARDED_AVAILABILITY = YES_AGGRESSIVE;
				CLANG_WARN_UNREACHABLE_CODE = YES;
				CLANG_WARN__DUPLICATE_METHOD_MATCH = YES;
				COPY_PHASE_STRIP = NO;
				DEBUG_INFORMATION_FORMAT = dwarf;
				ENABLE_STRICT_OBJC_MSGSEND = YES;
				ENABLE_TESTABILITY = YES;
				ENABLE_USER_SCRIPT_SANDBOXING = YES;
				GCC_C_LANGUAGE_STANDARD = gnu17;
				GCC_DYNAMIC_NO_PIC = NO;
				GCC_NO_COMMON_BLOCKS = YES;
				GCC_OPTIMIZATION_LEVEL = 0;
				GCC_PREPROCESSOR_DEFINITIONS = (
					"DEBUG=1",
					"$(inherited)",
				);
				GCC_WARN_64_TO_32_BIT_CONVERSION = YES;
				GCC_WARN_ABOUT_RETURN_TYPE = YES_ERROR;
				GCC_WARN_UNDECLARED_SELECTOR = YES;
				GCC_WARN_UNINITIALIZED_AUTOS = YES_AGGRESSIVE;
				GCC_WARN_UNUSED_FUNCTION = YES;
				GCC_WARN_UNUSED_VARIABLE = YES;
				IPHONEOS_DEPLOYMENT_TARGET = 17.2;
				LOCALIZATION_PREFERS_STRING_CATALOGS = YES;
				MTL_ENABLE_DEBUG_INFO = INCLUDE_SOURCE;
				MTL_FAST_MATH = YES;
				ONLY_ACTIVE_ARCH = YES;
				SDKROOT = iphoneos;
				SWIFT_ACTIVE_COMPILATION_CONDITIONS = "DEBUG $(inherited)";
				SWIFT_OPTIMIZATION_LEVEL = "-Onone";
			};
			name = Debug;
		};
		703DC91C2B83E2D5002C2257 /* Release */ = {
			isa = XCBuildConfiguration;
			buildSettings = {
				ALWAYS_SEARCH_USER_PATHS = NO;
				ASSETCATALOG_COMPILER_GENERATE_SWIFT_ASSET_SYMBOL_EXTENSIONS = YES;
				CLANG_ANALYZER_NONNULL = YES;
				CLANG_ANALYZER_NUMBER_OBJECT_CONVERSION = YES_AGGRESSIVE;
				CLANG_CXX_LANGUAGE_STANDARD = "gnu++20";
				CLANG_ENABLE_MODULES = YES;
				CLANG_ENABLE_OBJC_ARC = YES;
				CLANG_ENABLE_OBJC_WEAK = YES;
				CLANG_WARN_BLOCK_CAPTURE_AUTORELEASING = YES;
				CLANG_WARN_BOOL_CONVERSION = YES;
				CLANG_WARN_COMMA = YES;
				CLANG_WARN_CONSTANT_CONVERSION = YES;
				CLANG_WARN_DEPRECATED_OBJC_IMPLEMENTATIONS = YES;
				CLANG_WARN_DIRECT_OBJC_ISA_USAGE = YES_ERROR;
				CLANG_WARN_DOCUMENTATION_COMMENTS = YES;
				CLANG_WARN_EMPTY_BODY = YES;
				CLANG_WARN_ENUM_CONVERSION = YES;
				CLANG_WARN_INFINITE_RECURSION = YES;
				CLANG_WARN_INT_CONVERSION = YES;
				CLANG_WARN_NON_LITERAL_NULL_CONVERSION = YES;
				CLANG_WARN_OBJC_IMPLICIT_RETAIN_SELF = YES;
				CLANG_WARN_OBJC_LITERAL_CONVERSION = YES;
				CLANG_WARN_OBJC_ROOT_CLASS = YES_ERROR;
				CLANG_WARN_QUOTED_INCLUDE_IN_FRAMEWORK_HEADER = YES;
				CLANG_WARN_RANGE_LOOP_ANALYSIS = YES;
				CLANG_WARN_STRICT_PROTOTYPES = YES;
				CLANG_WARN_SUSPICIOUS_MOVE = YES;
				CLANG_WARN_UNGUARDED_AVAILABILITY = YES_AGGRESSIVE;
				CLANG_WARN_UNREACHABLE_CODE = YES;
				CLANG_WARN__DUPLICATE_METHOD_MATCH = YES;
				COPY_PHASE_STRIP = NO;
				DEBUG_INFORMATION_FORMAT = "dwarf-with-dsym";
				ENABLE_NS_ASSERTIONS = NO;
				ENABLE_STRICT_OBJC_MSGSEND = YES;
				ENABLE_USER_SCRIPT_SANDBOXING = YES;
				GCC_C_LANGUAGE_STANDARD = gnu17;
				GCC_NO_COMMON_BLOCKS = YES;
				GCC_WARN_64_TO_32_BIT_CONVERSION = YES;
				GCC_WARN_ABOUT_RETURN_TYPE = YES_ERROR;
				GCC_WARN_UNDECLARED_SELECTOR = YES;
				GCC_WARN_UNINITIALIZED_AUTOS = YES_AGGRESSIVE;
				GCC_WARN_UNUSED_FUNCTION = YES;
				GCC_WARN_UNUSED_VARIABLE = YES;
				IPHONEOS_DEPLOYMENT_TARGET = 17.2;
				LOCALIZATION_PREFERS_STRING_CATALOGS = YES;
				MTL_ENABLE_DEBUG_INFO = NO;
				MTL_FAST_MATH = YES;
				SDKROOT = iphoneos;
				SWIFT_COMPILATION_MODE = wholemodule;
				VALIDATE_PRODUCT = YES;
			};
			name = Release;
		};
		703DC91E2B83E2D5002C2257 /* Debug */ = {
			isa = XCBuildConfiguration;
			buildSettings = {
				ASSETCATALOG_COMPILER_APPICON_NAME = AppIcon;
				ASSETCATALOG_COMPILER_GLOBAL_ACCENT_COLOR_NAME = AccentColor;
				CODE_SIGN_STYLE = Automatic;
				CURRENT_PROJECT_VERSION = 1;
				GENERATE_INFOPLIST_FILE = YES;
				INFOPLIST_FILE = BeRealApp/Info.plist;
				INFOPLIST_KEY_UIApplicationSupportsIndirectInputEvents = YES;
				INFOPLIST_KEY_UILaunchStoryboardName = LaunchScreen;
				INFOPLIST_KEY_UIMainStoryboardFile = Main;
				INFOPLIST_KEY_UISupportedInterfaceOrientations_iPad = "UIInterfaceOrientationPortrait UIInterfaceOrientationPortraitUpsideDown UIInterfaceOrientationLandscapeLeft UIInterfaceOrientationLandscapeRight";
				INFOPLIST_KEY_UISupportedInterfaceOrientations_iPhone = "UIInterfaceOrientationPortrait UIInterfaceOrientationLandscapeLeft UIInterfaceOrientationLandscapeRight";
				LD_RUNPATH_SEARCH_PATHS = (
					"$(inherited)",
					"@executable_path/Frameworks",
				);
				MARKETING_VERSION = 1.0;
				PRODUCT_BUNDLE_IDENTIFIER = ios.ar.fiu.edu.BeRealApp;
				PRODUCT_NAME = "$(TARGET_NAME)";
				SWIFT_EMIT_LOC_STRINGS = YES;
				SWIFT_VERSION = 5.0;
				TARGETED_DEVICE_FAMILY = "1,2";
			};
			name = Debug;
		};
		703DC91F2B83E2D5002C2257 /* Release */ = {
			isa = XCBuildConfiguration;
			buildSettings = {
				ASSETCATALOG_COMPILER_APPICON_NAME = AppIcon;
				ASSETCATALOG_COMPILER_GLOBAL_ACCENT_COLOR_NAME = AccentColor;
				CODE_SIGN_STYLE = Automatic;
				CURRENT_PROJECT_VERSION = 1;
				GENERATE_INFOPLIST_FILE = YES;
				INFOPLIST_FILE = BeRealApp/Info.plist;
				INFOPLIST_KEY_UIApplicationSupportsIndirectInputEvents = YES;
				INFOPLIST_KEY_UILaunchStoryboardName = LaunchScreen;
				INFOPLIST_KEY_UIMainStoryboardFile = Main;
				INFOPLIST_KEY_UISupportedInterfaceOrientations_iPad = "UIInterfaceOrientationPortrait UIInterfaceOrientationPortraitUpsideDown UIInterfaceOrientationLandscapeLeft UIInterfaceOrientationLandscapeRight";
				INFOPLIST_KEY_UISupportedInterfaceOrientations_iPhone = "UIInterfaceOrientationPortrait UIInterfaceOrientationLandscapeLeft UIInterfaceOrientationLandscapeRight";
				LD_RUNPATH_SEARCH_PATHS = (
					"$(inherited)",
					"@executable_path/Frameworks",
				);
				MARKETING_VERSION = 1.0;
				PRODUCT_BUNDLE_IDENTIFIER = ios.ar.fiu.edu.BeRealApp;
				PRODUCT_NAME = "$(TARGET_NAME)";
				SWIFT_EMIT_LOC_STRINGS = YES;
				SWIFT_VERSION = 5.0;
				TARGETED_DEVICE_FAMILY = "1,2";
			};
			name = Release;
		};
/* End XCBuildConfiguration section */

/* Begin XCConfigurationList section */
		703DC9042B83E2D4002C2257 /* Build configuration list for PBXProject "BeRealApp" */ = {
			isa = XCConfigurationList;
			buildConfigurations = (
				703DC91B2B83E2D5002C2257 /* Debug */,
				703DC91C2B83E2D5002C2257 /* Release */,
			);
			defaultConfigurationIsVisible = 0;
			defaultConfigurationName = Release;
		};
		703DC91D2B83E2D5002C2257 /* Build configuration list for PBXNativeTarget "BeRealApp" */ = {
			isa = XCConfigurationList;
			buildConfigurations = (
				703DC91E2B83E2D5002C2257 /* Debug */,
				703DC91F2B83E2D5002C2257 /* Release */,
			);
			defaultConfigurationIsVisible = 0;
			defaultConfigurationName = Release;
		};
/* End XCConfigurationList section */

/* Begin XCRemoteSwiftPackageReference section */
		70021FE82B8525FB008F64EC /* XCRemoteSwiftPackageReference "Alamofire" */ = {
			isa = XCRemoteSwiftPackageReference;
			repositoryURL = "https://github.com/Alamofire/Alamofire.git";
			requirement = {
				kind = upToNextMajorVersion;
				minimumVersion = 5.8.1;
			};
		};
		70021FEB2B852616008F64EC /* XCRemoteSwiftPackageReference "AlamofireImage" */ = {
			isa = XCRemoteSwiftPackageReference;
			repositoryURL = "https://github.com/Alamofire/AlamofireImage.git";
			requirement = {
				kind = upToNextMajorVersion;
				minimumVersion = 4.3.0;
			};
		};
		703DC9372B83E5FF002C2257 /* XCRemoteSwiftPackageReference "Parse-Swift" */ = {
			isa = XCRemoteSwiftPackageReference;
			repositoryURL = "https://github.com/parse-community/Parse-Swift.git";
			requirement = {
				kind = upToNextMajorVersion;
				minimumVersion = 4.14.2;
			};
		};
/* End XCRemoteSwiftPackageReference section */

/* Begin XCSwiftPackageProductDependency section */
		70021FE92B8525FB008F64EC /* Alamofire */ = {
			isa = XCSwiftPackageProductDependency;
			package = 70021FE82B8525FB008F64EC /* XCRemoteSwiftPackageReference "Alamofire" */;
			productName = Alamofire;
		};
		70021FEC2B852616008F64EC /* AlamofireImage */ = {
			isa = XCSwiftPackageProductDependency;
			package = 70021FEB2B852616008F64EC /* XCRemoteSwiftPackageReference "AlamofireImage" */;
			productName = AlamofireImage;
		};
		703DC9352B83E566002C2257 /* ParseSwift */ = {
			isa = XCSwiftPackageProductDependency;
			productName = ParseSwift;
		};
		703DC9382B83E5FF002C2257 /* ParseSwift */ = {
			isa = XCSwiftPackageProductDependency;
			package = 703DC9372B83E5FF002C2257 /* XCRemoteSwiftPackageReference "Parse-Swift" */;
			productName = ParseSwift;
		};
/* End XCSwiftPackageProductDependency section */
	};
	rootObject = 703DC9012B83E2D4002C2257 /* Project object */;
}
